
Microsoft Visual Studio Solution File, Format Version 12.00
# Visual Studio 2012
Project("{FAE04EC0-301F-11D3-BF4B-00C04F79EFBC}") = "OMP.API", "OMP.API\OMP.API.csproj", "{F4B0E796-7E3B-46D1-A309-847DA3C0E865}"
EndProject
Project("{FAE04EC0-301F-11D3-BF4B-00C04F79EFBC}") = "OMP.API.Tests", "OMP.API.Tests\OMP.API.Tests.csproj", "{AE7CD4DC-E49B-46B8-B1C1-3D5D9BD3929D}"
EndProject
Project("{2150E333-8FDC-42A3-9474-1A3956D46DE8}") = "Testing", "Testing", "{3E1F094C-E49E-43C7-90E7-43843BC6ADE7}"
EndProject
Project("{2150E333-8FDC-42A3-9474-1A3956D46DE8}") = "Data", "Data", "{625C4ADE-A52D-4C26-A061-829621DDC211}"
EndProject
Project("{2150E333-8FDC-42A3-9474-1A3956D46DE8}") = "Sample Data", "Sample Data", "{21F2596A-D9DE-4F38-A595-3147E30A75DC}"
EndProject
Project("{FAE04EC0-301F-11D3-BF4B-00C04F79EFBC}") = "OMP.Web", "OMP.Web\OMP.Web.csproj", "{A4434672-DC3D-472B-8B12-18750C7DA91F}"
EndProject
Project("{FAE04EC0-301F-11D3-BF4B-00C04F79EFBC}") = "OMP.Domain", "OMP.Domain\OMP.Domain.csproj", "{ADE5D8A1-3CB6-4DF5-8EFA-F9B090F8887D}"
EndProject
Project("{FAE04EC0-301F-11D3-BF4B-00C04F79EFBC}") = "OMP.Service", "OMP.Service\OMP.Service.csproj", "{3F785633-F47A-4E61-A5A0-9C834ED764B7}"
EndProject
Project("{FAE04EC0-301F-11D3-BF4B-00C04F79EFBC}") = "TestData", "TestData\TestData.csproj", "{B7B63A9D-7348-43B8-B54E-FE0296AEE0B8}"
EndProject
Project("{FAE04EC0-301F-11D3-BF4B-00C04F79EFBC}") = "SeedData", "SeedData\SeedData.csproj", "{E2111FFC-100F-4C94-BA66-E723F360EC68}"
EndProject
Project("{FAE04EC0-301F-11D3-BF4B-00C04F79EFBC}") = "OMP.Domain.Tests", "OMP.Domain.Tests\OMP.Domain.Tests.csproj", "{6ED95CEA-116E-4B6B-A577-F34A4B2C019F}"
EndProject
Project("{FAE04EC0-301F-11D3-BF4B-00C04F79EFBC}") = "OMP.Service.Tests", "OMP.Service.Tests\OMP.Service.Tests.csproj", "{D243EA14-D488-41F7-8A3B-0C60C9698A6A}"
EndProject
Global
	GlobalSection(SolutionConfigurationPlatforms) = preSolution
		Debug|Any CPU = Debug|Any CPU
		Release|Any CPU = Release|Any CPU
	EndGlobalSection
	GlobalSection(ProjectConfigurationPlatforms) = postSolution
		{F4B0E796-7E3B-46D1-A309-847DA3C0E865}.Debug|Any CPU.ActiveCfg = Debug|Any CPU
		{F4B0E796-7E3B-46D1-A309-847DA3C0E865}.Debug|Any CPU.Build.0 = Debug|Any CPU
		{F4B0E796-7E3B-46D1-A309-847DA3C0E865}.Release|Any CPU.ActiveCfg = Release|Any CPU
		{F4B0E796-7E3B-46D1-A309-847DA3C0E865}.Release|Any CPU.Build.0 = Release|Any CPU
		{AE7CD4DC-E49B-46B8-B1C1-3D5D9BD3929D}.Debug|Any CPU.ActiveCfg = Debug|Any CPU
		{AE7CD4DC-E49B-46B8-B1C1-3D5D9BD3929D}.Debug|Any CPU.Build.0 = Debug|Any CPU
		{AE7CD4DC-E49B-46B8-B1C1-3D5D9BD3929D}.Release|Any CPU.ActiveCfg = Release|Any CPU
		{AE7CD4DC-E49B-46B8-B1C1-3D5D9BD3929D}.Release|Any CPU.Build.0 = Release|Any CPU
		{A4434672-DC3D-472B-8B12-18750C7DA91F}.Debug|Any CPU.ActiveCfg = Debug|Any CPU
		{A4434672-DC3D-472B-8B12-18750C7DA91F}.Debug|Any CPU.Build.0 = Debug|Any CPU
		{A4434672-DC3D-472B-8B12-18750C7DA91F}.Release|Any CPU.ActiveCfg = Release|Any CPU
		{A4434672-DC3D-472B-8B12-18750C7DA91F}.Release|Any CPU.Build.0 = Release|Any CPU
		{ADE5D8A1-3CB6-4DF5-8EFA-F9B090F8887D}.Debug|Any CPU.ActiveCfg = Debug|Any CPU
		{ADE5D8A1-3CB6-4DF5-8EFA-F9B090F8887D}.Debug|Any CPU.Build.0 = Debug|Any CPU
		{ADE5D8A1-3CB6-4DF5-8EFA-F9B090F8887D}.Release|Any CPU.ActiveCfg = Release|Any CPU
		{ADE5D8A1-3CB6-4DF5-8EFA-F9B090F8887D}.Release|Any CPU.Build.0 = Release|Any CPU
		{3F785633-F47A-4E61-A5A0-9C834ED764B7}.Debug|Any CPU.ActiveCfg = Debug|Any CPU
		{3F785633-F47A-4E61-A5A0-9C834ED764B7}.Debug|Any CPU.Build.0 = Debug|Any CPU
		{3F785633-F47A-4E61-A5A0-9C834ED764B7}.Release|Any CPU.ActiveCfg = Release|Any CPU
		{3F785633-F47A-4E61-A5A0-9C834ED764B7}.Release|Any CPU.Build.0 = Release|Any CPU
		{B7B63A9D-7348-43B8-B54E-FE0296AEE0B8}.Debug|Any CPU.ActiveCfg = Debug|Any CPU
		{B7B63A9D-7348-43B8-B54E-FE0296AEE0B8}.Debug|Any CPU.Build.0 = Debug|Any CPU
		{B7B63A9D-7348-43B8-B54E-FE0296AEE0B8}.Release|Any CPU.ActiveCfg = Release|Any CPU
		{B7B63A9D-7348-43B8-B54E-FE0296AEE0B8}.Release|Any CPU.Build.0 = Release|Any CPU
		{E2111FFC-100F-4C94-BA66-E723F360EC68}.Debug|Any CPU.ActiveCfg = Debug|Any CPU
		{E2111FFC-100F-4C94-BA66-E723F360EC68}.Debug|Any CPU.Build.0 = Debug|Any CPU
		{E2111FFC-100F-4C94-BA66-E723F360EC68}.Release|Any CPU.ActiveCfg = Release|Any CPU
		{E2111FFC-100F-4C94-BA66-E723F360EC68}.Release|Any CPU.Build.0 = Release|Any CPU
		{6ED95CEA-116E-4B6B-A577-F34A4B2C019F}.Debug|Any CPU.ActiveCfg = Debug|Any CPU
		{6ED95CEA-116E-4B6B-A577-F34A4B2C019F}.Debug|Any CPU.Build.0 = Debug|Any CPU
		{6ED95CEA-116E-4B6B-A577-F34A4B2C019F}.Release|Any CPU.ActiveCfg = Release|Any CPU
		{6ED95CEA-116E-4B6B-A577-F34A4B2C019F}.Release|Any CPU.Build.0 = Release|Any CPU
		{D243EA14-D488-41F7-8A3B-0C60C9698A6A}.Debug|Any CPU.ActiveCfg = Debug|Any CPU
		{D243EA14-D488-41F7-8A3B-0C60C9698A6A}.Debug|Any CPU.Build.0 = Debug|Any CPU
		{D243EA14-D488-41F7-8A3B-0C60C9698A6A}.Release|Any CPU.ActiveCfg = Release|Any CPU
		{D243EA14-D488-41F7-8A3B-0C60C9698A6A}.Release|Any CPU.Build.0 = Release|Any CPU
	EndGlobalSection
	GlobalSection(SolutionProperties) = preSolution
		HideSolutionNode = FALSE
	EndGlobalSection
	GlobalSection(NestedProjects) = preSolution
		{AE7CD4DC-E49B-46B8-B1C1-3D5D9BD3929D} = {3E1F094C-E49E-43C7-90E7-43843BC6ADE7}
		{6ED95CEA-116E-4B6B-A577-F34A4B2C019F} = {3E1F094C-E49E-43C7-90E7-43843BC6ADE7}
		{D243EA14-D488-41F7-8A3B-0C60C9698A6A} = {3E1F094C-E49E-43C7-90E7-43843BC6ADE7}
		{B7B63A9D-7348-43B8-B54E-FE0296AEE0B8} = {625C4ADE-A52D-4C26-A061-829621DDC211}
		{E2111FFC-100F-4C94-BA66-E723F360EC68} = {625C4ADE-A52D-4C26-A061-829621DDC211}
	EndGlobalSection
EndGlobal
